
Microsoft Visual Studio Solution File, Format Version 12.00
# Visual Studio Version 17
VisualStudioVersion = 17.1.32421.90
MinimumVisualStudioVersion = 10.0.40219.1
Project("{9A19103F-16F7-4668-BE54-9A1E7A4F7556}") = "ArchBench.PlugIns", "ArchBench.PlugIns\ArchBench.PlugIns.csproj", "{3674E873-4DFE-4296-8D75-9869AC6A9EC1}"
EndProject
Project("{2150E333-8FDC-42A3-9474-1A3956D46DE8}") = "Solution Items", "Solution Items", "{65C126B9-185B-4E1E-B6F0-8A5ED63ED9C6}"
	ProjectSection(SolutionItems) = preProject
		HttpServer\HttpServer.dll = HttpServer\HttpServer.dll
	EndProjectSection
EndProject
Project("{2150E333-8FDC-42A3-9474-1A3956D46DE8}") = "PlugIns", "PlugIns", "{5DF8506A-53A8-4D38-9794-83EA082925E5}"
EndProject
Project("{FAE04EC0-301F-11D3-BF4B-00C04F79EFBC}") = "ArchBench.Server", "ArchBench.Server\ArchBench.Server.csproj", "{6E27897A-D0AB-4F1F-92EF-F1079CF0416E}"
EndProject
Project("{9A19103F-16F7-4668-BE54-9A1E7A4F7556}") = "ArchBench.Server.Kernel", "ArchBench.Server.Kernel\ArchBench.Server.Kernel.csproj", "{D90378CC-1780-4B17-81FE-409B465280F7}"
EndProject
Project("{9A19103F-16F7-4668-BE54-9A1E7A4F7556}") = "ArchBench.Server.CLI", "ArchBench.Server.CLI\ArchBench.Server.CLI.csproj", "{716CD1EF-827B-4C49-AB37-03825FF6BD02}"
EndProject
Project("{9A19103F-16F7-4668-BE54-9A1E7A4F7556}") = "ArchBench.PlugIns.Hello", "ArchBench.PlugIns.Hello\ArchBench.PlugIns.Hello.csproj", "{AFF7A96F-9C9E-4ADC-B385-6E1E5AC6058F}"
EndProject
Project("{9A19103F-16F7-4668-BE54-9A1E7A4F7556}") = "ArchBench.PlugIns.Logger", "ArchBench.PlugIns.Logger\ArchBench.PlugIns.Logger.csproj", "{641B86FF-47D3-4945-888A-34D12C9A0F07}"
EndProject
Project("{9A19103F-16F7-4668-BE54-9A1E7A4F7556}") = "ArchBench.PlugIns.Register", "ArchBench.PlugIns.Register\ArchBench.PlugIns.Register.csproj", "{E2244C13-9F22-4852-91A0-36AA5B0289BC}"
EndProject
Project("{9A19103F-16F7-4668-BE54-9A1E7A4F7556}") = "ArchBench.PlugIns.Login", "ArchBench.PlugIns.Login\ArchBench.PlugIns.Login.csproj", "{1AC9BD54-C6AF-45C8-9659-9D9E34D3CD0A}"
EndProject
Project("{9A19103F-16F7-4668-BE54-9A1E7A4F7556}") = "ArchBench.PlugIns.Dispatcher", "ArchBench.PlugIns.Dispatcher\ArchBench.PlugIns.Dispatcher.csproj", "{AE143D75-92D5-4192-87B4-9C134C19066E}"
EndProject
Project("{9A19103F-16F7-4668-BE54-9A1E7A4F7556}") = "ArchBench.PlugIns.FavIcon", "ArchBench.PlugIns.FavIcon\ArchBench.PlugIns.FavIcon.csproj", "{E819DD37-6A46-49C6-A24B-BF2B4FE66B51}"
EndProject
Project("{9A19103F-16F7-4668-BE54-9A1E7A4F7556}") = "ArchBench.PlugIns.Proxy", "ArchBench.PlugIns.Proxy\ArchBench.PlugIns.Proxy.csproj", "{8BE52354-DB63-4BA4-BC3A-213CDDA982E0}"
EndProject
Project("{9A19103F-16F7-4668-BE54-9A1E7A4F7556}") = "ArchBench.PlugIns.Goodbye", "ArchBench.PlugIns.Goodbye\ArchBench.PlugIns.Goodbye.csproj", "{58F3DD7F-34C4-4D26-B89D-6EDA04C3BB31}"
EndProject
Global
	GlobalSection(SolutionConfigurationPlatforms) = preSolution
		Debug|Any CPU = Debug|Any CPU
		Release|Any CPU = Release|Any CPU
	EndGlobalSection
	GlobalSection(ProjectConfigurationPlatforms) = postSolution
		{3674E873-4DFE-4296-8D75-9869AC6A9EC1}.Debug|Any CPU.ActiveCfg = Debug|Any CPU
		{3674E873-4DFE-4296-8D75-9869AC6A9EC1}.Debug|Any CPU.Build.0 = Debug|Any CPU
		{3674E873-4DFE-4296-8D75-9869AC6A9EC1}.Release|Any CPU.ActiveCfg = Release|Any CPU
		{3674E873-4DFE-4296-8D75-9869AC6A9EC1}.Release|Any CPU.Build.0 = Release|Any CPU
		{6E27897A-D0AB-4F1F-92EF-F1079CF0416E}.Debug|Any CPU.ActiveCfg = Debug|Any CPU
		{6E27897A-D0AB-4F1F-92EF-F1079CF0416E}.Debug|Any CPU.Build.0 = Debug|Any CPU
		{6E27897A-D0AB-4F1F-92EF-F1079CF0416E}.Release|Any CPU.ActiveCfg = Release|Any CPU
		{6E27897A-D0AB-4F1F-92EF-F1079CF0416E}.Release|Any CPU.Build.0 = Release|Any CPU
		{D90378CC-1780-4B17-81FE-409B465280F7}.Debug|Any CPU.ActiveCfg = Debug|Any CPU
		{D90378CC-1780-4B17-81FE-409B465280F7}.Debug|Any CPU.Build.0 = Debug|Any CPU
		{D90378CC-1780-4B17-81FE-409B465280F7}.Release|Any CPU.ActiveCfg = Release|Any CPU
		{D90378CC-1780-4B17-81FE-409B465280F7}.Release|Any CPU.Build.0 = Release|Any CPU
		{716CD1EF-827B-4C49-AB37-03825FF6BD02}.Debug|Any CPU.ActiveCfg = Debug|Any CPU
		{716CD1EF-827B-4C49-AB37-03825FF6BD02}.Debug|Any CPU.Build.0 = Debug|Any CPU
		{716CD1EF-827B-4C49-AB37-03825FF6BD02}.Release|Any CPU.ActiveCfg = Release|Any CPU
		{716CD1EF-827B-4C49-AB37-03825FF6BD02}.Release|Any CPU.Build.0 = Release|Any CPU
		{AFF7A96F-9C9E-4ADC-B385-6E1E5AC6058F}.Debug|Any CPU.ActiveCfg = Debug|Any CPU
		{AFF7A96F-9C9E-4ADC-B385-6E1E5AC6058F}.Debug|Any CPU.Build.0 = Debug|Any CPU
		{AFF7A96F-9C9E-4ADC-B385-6E1E5AC6058F}.Release|Any CPU.ActiveCfg = Release|Any CPU
		{AFF7A96F-9C9E-4ADC-B385-6E1E5AC6058F}.Release|Any CPU.Build.0 = Release|Any CPU
		{641B86FF-47D3-4945-888A-34D12C9A0F07}.Debug|Any CPU.ActiveCfg = Debug|Any CPU
		{641B86FF-47D3-4945-888A-34D12C9A0F07}.Debug|Any CPU.Build.0 = Debug|Any CPU
		{641B86FF-47D3-4945-888A-34D12C9A0F07}.Release|Any CPU.ActiveCfg = Release|Any CPU
		{641B86FF-47D3-4945-888A-34D12C9A0F07}.Release|Any CPU.Build.0 = Release|Any CPU
		{E2244C13-9F22-4852-91A0-36AA5B0289BC}.Debug|Any CPU.ActiveCfg = Debug|Any CPU
		{E2244C13-9F22-4852-91A0-36AA5B0289BC}.Debug|Any CPU.Build.0 = Debug|Any CPU
		{E2244C13-9F22-4852-91A0-36AA5B0289BC}.Release|Any CPU.ActiveCfg = Release|Any CPU
		{E2244C13-9F22-4852-91A0-36AA5B0289BC}.Release|Any CPU.Build.0 = Release|Any CPU
		{1AC9BD54-C6AF-45C8-9659-9D9E34D3CD0A}.Debug|Any CPU.ActiveCfg = Debug|Any CPU
		{1AC9BD54-C6AF-45C8-9659-9D9E34D3CD0A}.Debug|Any CPU.Build.0 = Debug|Any CPU
		{1AC9BD54-C6AF-45C8-9659-9D9E34D3CD0A}.Release|Any CPU.ActiveCfg = Release|Any CPU
		{1AC9BD54-C6AF-45C8-9659-9D9E34D3CD0A}.Release|Any CPU.Build.0 = Release|Any CPU
		{AE143D75-92D5-4192-87B4-9C134C19066E}.Debug|Any CPU.ActiveCfg = Debug|Any CPU
		{AE143D75-92D5-4192-87B4-9C134C19066E}.Debug|Any CPU.Build.0 = Debug|Any CPU
		{AE143D75-92D5-4192-87B4-9C134C19066E}.Release|Any CPU.ActiveCfg = Release|Any CPU
		{AE143D75-92D5-4192-87B4-9C134C19066E}.Release|Any CPU.Build.0 = Release|Any CPU
		{E819DD37-6A46-49C6-A24B-BF2B4FE66B51}.Debug|Any CPU.ActiveCfg = Debug|Any CPU
		{E819DD37-6A46-49C6-A24B-BF2B4FE66B51}.Debug|Any CPU.Build.0 = Debug|Any CPU
		{E819DD37-6A46-49C6-A24B-BF2B4FE66B51}.Release|Any CPU.ActiveCfg = Release|Any CPU
		{E819DD37-6A46-49C6-A24B-BF2B4FE66B51}.Release|Any CPU.Build.0 = Release|Any CPU
		{8BE52354-DB63-4BA4-BC3A-213CDDA982E0}.Debug|Any CPU.ActiveCfg = Debug|Any CPU
		{8BE52354-DB63-4BA4-BC3A-213CDDA982E0}.Debug|Any CPU.Build.0 = Debug|Any CPU
		{8BE52354-DB63-4BA4-BC3A-213CDDA982E0}.Release|Any CPU.ActiveCfg = Release|Any CPU
		{8BE52354-DB63-4BA4-BC3A-213CDDA982E0}.Release|Any CPU.Build.0 = Release|Any CPU
		{58F3DD7F-34C4-4D26-B89D-6EDA04C3BB31}.Debug|Any CPU.ActiveCfg = Debug|Any CPU
		{58F3DD7F-34C4-4D26-B89D-6EDA04C3BB31}.Debug|Any CPU.Build.0 = Debug|Any CPU
		{58F3DD7F-34C4-4D26-B89D-6EDA04C3BB31}.Release|Any CPU.ActiveCfg = Release|Any CPU
		{58F3DD7F-34C4-4D26-B89D-6EDA04C3BB31}.Release|Any CPU.Build.0 = Release|Any CPU
	EndGlobalSection
	GlobalSection(SolutionProperties) = preSolution
		HideSolutionNode = FALSE
	EndGlobalSection
	GlobalSection(NestedProjects) = preSolution
		{AFF7A96F-9C9E-4ADC-B385-6E1E5AC6058F} = {5DF8506A-53A8-4D38-9794-83EA082925E5}
		{641B86FF-47D3-4945-888A-34D12C9A0F07} = {5DF8506A-53A8-4D38-9794-83EA082925E5}
		{E2244C13-9F22-4852-91A0-36AA5B0289BC} = {5DF8506A-53A8-4D38-9794-83EA082925E5}
		{1AC9BD54-C6AF-45C8-9659-9D9E34D3CD0A} = {5DF8506A-53A8-4D38-9794-83EA082925E5}
		{AE143D75-92D5-4192-87B4-9C134C19066E} = {5DF8506A-53A8-4D38-9794-83EA082925E5}
		{E819DD37-6A46-49C6-A24B-BF2B4FE66B51} = {5DF8506A-53A8-4D38-9794-83EA082925E5}
		{8BE52354-DB63-4BA4-BC3A-213CDDA982E0} = {5DF8506A-53A8-4D38-9794-83EA082925E5}
		{58F3DD7F-34C4-4D26-B89D-6EDA04C3BB31} = {5DF8506A-53A8-4D38-9794-83EA082925E5}
	EndGlobalSection
	GlobalSection(ExtensibilityGlobals) = postSolution
		SolutionGuid = {C42B325A-90CB-42B0-9191-4873159191C3}
	EndGlobalSection
EndGlobal
